
Microsoft Visual Studio Solution File, Format Version 12.00
# Visual Studio Version 16
VisualStudioVersion = 16.0.32106.194
MinimumVisualStudioVersion = 10.0.40219.1
Project("{FAE04EC0-301F-11D3-BF4B-00C04F79EFBC}") = "Lab_01", "Lab_01\Lab_01.csproj", "{967DD882-F352-42BD-9021-444763F5EC5F}"
EndProject
Global
	GlobalSection(SolutionConfigurationPlatforms) = preSolution
		Debug|Any CPU = Debug|Any CPU
		Release|Any CPU = Release|Any CPU
	EndGlobalSection
	GlobalSection(ProjectConfigurationPlatforms) = postSolution
		{967DD882-F352-42BD-9021-444763F5EC5F}.Debug|Any CPU.ActiveCfg = Debug|Any CPU
		{967DD882-F352-42BD-9021-444763F5EC5F}.Debug|Any CPU.Build.0 = Debug|Any CPU
		{967DD882-F352-42BD-9021-444763F5EC5F}.Release|Any CPU.ActiveCfg = Release|Any CPU
		{967DD882-F352-42BD-9021-444763F5EC5F}.Release|Any CPU.Build.0 = Release|Any CPU
	EndGlobalSection
	GlobalSection(SolutionProperties) = preSolution
		HideSolutionNode = FALSE
	EndGlobalSection
	GlobalSection(ExtensibilityGlobals) = postSolution
		SolutionGuid = {C254CAA8-AE17-406C-B175-545FECDB630D}
	EndGlobalSection
EndGlobal
